
Microsoft Visual Studio Solution File, Format Version 12.00
Project("{FAE04EC0-301F-11D3-BF4B-00C04F79EFBC}") = "Client", "Client\Client.csproj", "{DE83B72B-B5D1-407B-980E-6824E18E1306}"
EndProject
Project("{FAE04EC0-301F-11D3-BF4B-00C04F79EFBC}") = "Server", "Server\Server.csproj", "{34037D0A-1FCE-452A-BA8D-96F468F59424}"
EndProject
Project("{FAE04EC0-301F-11D3-BF4B-00C04F79EFBC}") = "Commands", "Commands\Commands.csproj", "{4156F479-841C-49A6-87B8-384B08A21CC9}"
EndProject
Project("{FAE04EC0-301F-11D3-BF4B-00C04F79EFBC}") = "ECS", "ECS\ECS.csproj", "{5D84ADD1-28B6-4342-8C45-05D9A4A18750}"
EndProject
Global
	GlobalSection(SolutionConfigurationPlatforms) = preSolution
		Debug|Any CPU = Debug|Any CPU
		Release|Any CPU = Release|Any CPU
	EndGlobalSection
	GlobalSection(ProjectConfigurationPlatforms) = postSolution
		{DE83B72B-B5D1-407B-980E-6824E18E1306}.Debug|Any CPU.ActiveCfg = Debug|Any CPU
		{DE83B72B-B5D1-407B-980E-6824E18E1306}.Debug|Any CPU.Build.0 = Debug|Any CPU
		{DE83B72B-B5D1-407B-980E-6824E18E1306}.Release|Any CPU.ActiveCfg = Release|Any CPU
		{DE83B72B-B5D1-407B-980E-6824E18E1306}.Release|Any CPU.Build.0 = Release|Any CPU
		{34037D0A-1FCE-452A-BA8D-96F468F59424}.Debug|Any CPU.ActiveCfg = Debug|Any CPU
		{34037D0A-1FCE-452A-BA8D-96F468F59424}.Debug|Any CPU.Build.0 = Debug|Any CPU
		{34037D0A-1FCE-452A-BA8D-96F468F59424}.Release|Any CPU.ActiveCfg = Release|Any CPU
		{34037D0A-1FCE-452A-BA8D-96F468F59424}.Release|Any CPU.Build.0 = Release|Any CPU
		{4156F479-841C-49A6-87B8-384B08A21CC9}.Debug|Any CPU.ActiveCfg = Debug|Any CPU
		{4156F479-841C-49A6-87B8-384B08A21CC9}.Debug|Any CPU.Build.0 = Debug|Any CPU
		{4156F479-841C-49A6-87B8-384B08A21CC9}.Release|Any CPU.ActiveCfg = Release|Any CPU
		{4156F479-841C-49A6-87B8-384B08A21CC9}.Release|Any CPU.Build.0 = Release|Any CPU
		{5D84ADD1-28B6-4342-8C45-05D9A4A18750}.Debug|Any CPU.ActiveCfg = Debug|Any CPU
		{5D84ADD1-28B6-4342-8C45-05D9A4A18750}.Debug|Any CPU.Build.0 = Debug|Any CPU
		{5D84ADD1-28B6-4342-8C45-05D9A4A18750}.Release|Any CPU.ActiveCfg = Release|Any CPU
		{5D84ADD1-28B6-4342-8C45-05D9A4A18750}.Release|Any CPU.Build.0 = Release|Any CPU
	EndGlobalSection
EndGlobal
